
Microsoft Visual Studio Solution File, Format Version 11.00
# Visual Studio 2010
Project("{FAE04EC0-301F-11D3-BF4B-00C04F79EFBC}") = "Assembly-CSharp", "Assembly-CSharp.csproj", "{E83B92B3-C56D-0226-D140-B0D5DDD510A8}"
EndProject
Project("{FAE04EC0-301F-11D3-BF4B-00C04F79EFBC}") = "Oculus.VR", "Oculus.VR.csproj", "{74FA0C2D-7EA4-FE8A-4E9A-288212C534E1}"
EndProject
Project("{FAE04EC0-301F-11D3-BF4B-00C04F79EFBC}") = "Assembly-CSharp-Editor", "Assembly-CSharp-Editor.csproj", "{A37D1D65-8ED1-4308-5F28-E1256A5F6AA6}"
EndProject
Project("{FAE04EC0-301F-11D3-BF4B-00C04F79EFBC}") = "Oculus.VR.Scripts.Editor", "Oculus.VR.Scripts.Editor.csproj", "{E2E9FAD6-2DEE-48EB-5044-655AF53BCB60}"
EndProject
Project("{FAE04EC0-301F-11D3-BF4B-00C04F79EFBC}") = "Oculus.VR.Editor", "Oculus.VR.Editor.csproj", "{28356FF4-3098-3D29-042C-7236B15CA5FC}"
EndProject
Global
	GlobalSection(SolutionConfigurationPlatforms) = preSolution
		Debug|Any CPU = Debug|Any CPU
		Release|Any CPU = Release|Any CPU
	EndGlobalSection
	GlobalSection(ProjectConfigurationPlatforms) = postSolution
		{E83B92B3-C56D-0226-D140-B0D5DDD510A8}.Debug|Any CPU.ActiveCfg = Debug|Any CPU
		{E83B92B3-C56D-0226-D140-B0D5DDD510A8}.Debug|Any CPU.Build.0 = Debug|Any CPU
		{E83B92B3-C56D-0226-D140-B0D5DDD510A8}.Release|Any CPU.ActiveCfg = Release|Any CPU
		{E83B92B3-C56D-0226-D140-B0D5DDD510A8}.Release|Any CPU.Build.0 = Release|Any CPU
		{74FA0C2D-7EA4-FE8A-4E9A-288212C534E1}.Debug|Any CPU.ActiveCfg = Debug|Any CPU
		{74FA0C2D-7EA4-FE8A-4E9A-288212C534E1}.Debug|Any CPU.Build.0 = Debug|Any CPU
		{74FA0C2D-7EA4-FE8A-4E9A-288212C534E1}.Release|Any CPU.ActiveCfg = Release|Any CPU
		{74FA0C2D-7EA4-FE8A-4E9A-288212C534E1}.Release|Any CPU.Build.0 = Release|Any CPU
		{A37D1D65-8ED1-4308-5F28-E1256A5F6AA6}.Debug|Any CPU.ActiveCfg = Debug|Any CPU
		{A37D1D65-8ED1-4308-5F28-E1256A5F6AA6}.Debug|Any CPU.Build.0 = Debug|Any CPU
		{A37D1D65-8ED1-4308-5F28-E1256A5F6AA6}.Release|Any CPU.ActiveCfg = Release|Any CPU
		{A37D1D65-8ED1-4308-5F28-E1256A5F6AA6}.Release|Any CPU.Build.0 = Release|Any CPU
		{E2E9FAD6-2DEE-48EB-5044-655AF53BCB60}.Debug|Any CPU.ActiveCfg = Debug|Any CPU
		{E2E9FAD6-2DEE-48EB-5044-655AF53BCB60}.Debug|Any CPU.Build.0 = Debug|Any CPU
		{E2E9FAD6-2DEE-48EB-5044-655AF53BCB60}.Release|Any CPU.ActiveCfg = Release|Any CPU
		{E2E9FAD6-2DEE-48EB-5044-655AF53BCB60}.Release|Any CPU.Build.0 = Release|Any CPU
		{28356FF4-3098-3D29-042C-7236B15CA5FC}.Debug|Any CPU.ActiveCfg = Debug|Any CPU
		{28356FF4-3098-3D29-042C-7236B15CA5FC}.Debug|Any CPU.Build.0 = Debug|Any CPU
		{28356FF4-3098-3D29-042C-7236B15CA5FC}.Release|Any CPU.ActiveCfg = Release|Any CPU
		{28356FF4-3098-3D29-042C-7236B15CA5FC}.Release|Any CPU.Build.0 = Release|Any CPU
	EndGlobalSection
	GlobalSection(SolutionProperties) = preSolution
		HideSolutionNode = FALSE
	EndGlobalSection
	GlobalSection(MonoDevelopProperties) = preSolution
		StartupItem = Assembly-CSharp.csproj
	EndGlobalSection
EndGlobal
